
Microsoft Visual Studio Solution File, Format Version 12.00
# Visual Studio Version 16
VisualStudioVersion = 16.0.31624.102
MinimumVisualStudioVersion = 10.0.40219.1
Project("{FAE04EC0-301F-11D3-BF4B-00C04F79EFBC}") = "Nhom13-Quan_ly_kho_hang", "Nhom13-Quan_ly_kho_hang.csproj", "{85DA16A1-2B59-43B5-9D0B-1B7CB6CC2FD2}"
EndProject
Global
	GlobalSection(SolutionConfigurationPlatforms) = preSolution
		Debug|Any CPU = Debug|Any CPU
		Release|Any CPU = Release|Any CPU
	EndGlobalSection
	GlobalSection(ProjectConfigurationPlatforms) = postSolution
		{85DA16A1-2B59-43B5-9D0B-1B7CB6CC2FD2}.Debug|Any CPU.ActiveCfg = Debug|Any CPU
		{85DA16A1-2B59-43B5-9D0B-1B7CB6CC2FD2}.Debug|Any CPU.Build.0 = Debug|Any CPU
		{85DA16A1-2B59-43B5-9D0B-1B7CB6CC2FD2}.Release|Any CPU.ActiveCfg = Release|Any CPU
		{85DA16A1-2B59-43B5-9D0B-1B7CB6CC2FD2}.Release|Any CPU.Build.0 = Release|Any CPU
	EndGlobalSection
	GlobalSection(SolutionProperties) = preSolution
		HideSolutionNode = FALSE
	EndGlobalSection
	GlobalSection(ExtensibilityGlobals) = postSolution
		SolutionGuid = {1978B318-58F5-4E59-A129-B052555307F1}
	EndGlobalSection
EndGlobal
